
Microsoft Visual Studio Solution File, Format Version 12.00
# Visual Studio Version 17
VisualStudioVersion = 17.5.002.0
MinimumVisualStudioVersion = 10.0.40219.1
Project("{9A19103F-16F7-4668-BE54-9A1E7A4F7556}") = "C# Learn", "C# Learn.csproj", "{ACCAEA87-F076-4FC6-A64A-47CCEA33CC1C}"
EndProject
Global
	GlobalSection(SolutionConfigurationPlatforms) = preSolution
		Debug|Any CPU = Debug|Any CPU
		Release|Any CPU = Release|Any CPU
	EndGlobalSection
	GlobalSection(ProjectConfigurationPlatforms) = postSolution
		{ACCAEA87-F076-4FC6-A64A-47CCEA33CC1C}.Debug|Any CPU.ActiveCfg = Debug|Any CPU
		{ACCAEA87-F076-4FC6-A64A-47CCEA33CC1C}.Debug|Any CPU.Build.0 = Debug|Any CPU
		{ACCAEA87-F076-4FC6-A64A-47CCEA33CC1C}.Release|Any CPU.ActiveCfg = Release|Any CPU
		{ACCAEA87-F076-4FC6-A64A-47CCEA33CC1C}.Release|Any CPU.Build.0 = Release|Any CPU
	EndGlobalSection
	GlobalSection(SolutionProperties) = preSolution
		HideSolutionNode = FALSE
	EndGlobalSection
	GlobalSection(ExtensibilityGlobals) = postSolution
		SolutionGuid = {8EEA2E01-2E60-45BC-A9C3-C40967475128}
	EndGlobalSection
EndGlobal
